
Microsoft Visual Studio Solution File, Format Version 12.00
# Visual Studio Version 17
VisualStudioVersion = 17.5.002.0
MinimumVisualStudioVersion = 10.0.40219.1
Project("{9A19103F-16F7-4668-BE54-9A1E7A4F7556}") = "ManageFinance", "ManageFinance.csproj", "{6E099F5F-911A-4853-9C9B-46B553DA746A}"
EndProject
Global
	GlobalSection(SolutionConfigurationPlatforms) = preSolution
		Debug|Any CPU = Debug|Any CPU
		Release|Any CPU = Release|Any CPU
	EndGlobalSection
	GlobalSection(ProjectConfigurationPlatforms) = postSolution
		{6E099F5F-911A-4853-9C9B-46B553DA746A}.Debug|Any CPU.ActiveCfg = Debug|Any CPU
		{6E099F5F-911A-4853-9C9B-46B553DA746A}.Debug|Any CPU.Build.0 = Debug|Any CPU
		{6E099F5F-911A-4853-9C9B-46B553DA746A}.Release|Any CPU.ActiveCfg = Release|Any CPU
		{6E099F5F-911A-4853-9C9B-46B553DA746A}.Release|Any CPU.Build.0 = Release|Any CPU
	EndGlobalSection
	GlobalSection(SolutionProperties) = preSolution
		HideSolutionNode = FALSE
	EndGlobalSection
	GlobalSection(ExtensibilityGlobals) = postSolution
		SolutionGuid = {F59158E3-6F35-48BC-A8A1-AC5EFA637CD7}
	EndGlobalSection
EndGlobal
